
Microsoft Visual Studio Solution File, Format Version 12.00
# Visual Studio 15
VisualStudioVersion = 15.0.28307.106
MinimumVisualStudioVersion = 10.0.40219.1
Project("{2150E333-8FDC-42A3-9474-1A3956D46DE8}") = "UnitTests", "UnitTests", "{682F209A-515E-459E-A77C-3B083ED777E2}"
EndProject
Project("{2150E333-8FDC-42A3-9474-1A3956D46DE8}") = "Client", "Client", "{12C8BAB6-1582-43CD-A32A-2144419907D5}"
EndProject
Project("{2150E333-8FDC-42A3-9474-1A3956D46DE8}") = "IntegrationTests", "IntegrationTests", "{7530D7BE-4022-40E6-93B1-19284640F121}"
EndProject
Project("{2150E333-8FDC-42A3-9474-1A3956D46DE8}") = "Database", "Database", "{3F8BB5E5-9679-48D2-B672-90A84541DCBD}"
EndProject
Project("{2150E333-8FDC-42A3-9474-1A3956D46DE8}") = "Domain", "Domain", "{EBF91FA5-85C8-4D5D-A9FA-3F5B04D65262}"
EndProject
Project("{2150E333-8FDC-42A3-9474-1A3956D46DE8}") = "RestApi", "RestApi", "{5986ECC7-D017-4AF3-ADD0-55F50EEF1D10}"
EndProject
Project("{2150E333-8FDC-42A3-9474-1A3956D46DE8}") = "VsPlugin", "VsPlugin", "{7586B323-4F49-4412-A58D-47A240492497}"
EndProject
Project("{2150E333-8FDC-42A3-9474-1A3956D46DE8}") = "Silverlight", "Silverlight", "{625CD084-B2C0-45C6-B12B-C457FC0CF1BE}"
EndProject
Project("{FAE04EC0-301F-11D3-BF4B-00C04F79EFBC}") = "TeamTimeWarp.Rest", "TeamTimeWarp.Rest\TeamTimeWarp.Rest.csproj", "{647D9967-C6A7-4F71-B5DF-8040F756E039}"
	ProjectSection(ProjectDependencies) = postProject
		{59A5A1B1-4B45-4FEC-A108-E1A8500CBDBE} = {59A5A1B1-4B45-4FEC-A108-E1A8500CBDBE}
	EndProjectSection
EndProject
Project("{FAE04EC0-301F-11D3-BF4B-00C04F79EFBC}") = "TeamTimeWarp.Rest.UnitTests", "TeamTimeWarp.Rest.Tests\TeamTimeWarp.Rest.UnitTests.csproj", "{A68A6339-F31E-492B-AA0B-03A1BD85B04D}"
	ProjectSection(ProjectDependencies) = postProject
		{59A5A1B1-4B45-4FEC-A108-E1A8500CBDBE} = {59A5A1B1-4B45-4FEC-A108-E1A8500CBDBE}
	EndProjectSection
EndProject
Project("{F2A71F9B-5D33-465A-A702-920D77279786}") = "TeamTimeWarp.Domain", "TeamTimeWarp.Domain\TeamTimeWarp.Domain.fsproj", "{59A5A1B1-4B45-4FEC-A108-E1A8500CBDBE}"
EndProject
Project("{F2A71F9B-5D33-465A-A702-920D77279786}") = "TeamTimeWarp.Domain.UnitTests", "TeamTimeWarp.Domain.UnitTests\TeamTimeWarp.Domain.UnitTests.fsproj", "{7CA7DBD0-1977-4622-99D9-B3999E79CA3A}"
EndProject
Project("{FAE04EC0-301F-11D3-BF4B-00C04F79EFBC}") = "TeamTimeWarp.Database.UnitTests", "TeamTimeWarp.Database.UnitTests\TeamTimeWarp.Database.UnitTests.csproj", "{3BA87BF0-C431-42CE-A663-E7FDA01B3CF3}"
	ProjectSection(ProjectDependencies) = postProject
		{59A5A1B1-4B45-4FEC-A108-E1A8500CBDBE} = {59A5A1B1-4B45-4FEC-A108-E1A8500CBDBE}
	EndProjectSection
EndProject
Project("{FAE04EC0-301F-11D3-BF4B-00C04F79EFBC}") = "TeamTimeWarp.Domain.Entities", "TeamTimeWarp.Domain.Entities\TeamTimeWarp.Domain.Entities.csproj", "{AE1E6B38-B0E9-45CA-9E7C-88CEC8C7CE32}"
EndProject
Project("{FAE04EC0-301F-11D3-BF4B-00C04F79EFBC}") = "TeamTimeWarp.Persistence", "TeamTimeWarp.Persistence\TeamTimeWarp.Persistence.csproj", "{1101E136-97F3-4CD9-814D-7DFF68B25628}"
EndProject
Project("{FAE04EC0-301F-11D3-BF4B-00C04F79EFBC}") = "TeamTimeWarp.Public.Models.v001", "TeamTimeWarp.Public.Models.v001\TeamTimeWarp.Public.Models.v001.csproj", "{A511BDA0-B392-466A-835C-37E4F82DFEC1}"
EndProject
Project("{FAE04EC0-301F-11D3-BF4B-00C04F79EFBC}") = "TeamTimeWarp.Public.Converters", "TeamTimeWarp.Public.Converters\TeamTimeWarp.Public.Converters.csproj", "{3D7DA64B-7C4F-41B3-8EDF-AC8D09928FD9}"
EndProject
Project("{FAE04EC0-301F-11D3-BF4B-00C04F79EFBC}") = "TeamTimeWarp.Server.IntegrationTests", "TeamTimeWarp.Server.IntegrationTests\TeamTimeWarp.Server.IntegrationTests.csproj", "{7A63622D-D608-45EB-9FA6-7AB27E95EE3A}"
EndProject
Project("{FAE04EC0-301F-11D3-BF4B-00C04F79EFBC}") = "TeamTimeWarp.UnitTests", "TeamTimeWarp.UnitTests\TeamTimeWarp.UnitTests.csproj", "{E0240C1B-5572-4FB1-823F-4ED2BB601310}"
EndProject
Project("{FAE04EC0-301F-11D3-BF4B-00C04F79EFBC}") = "TeamTimeWarp.Database", "TeamTimeWarp.Database\TeamTimeWarp.Database.csproj", "{B2429CC5-0AAA-4564-A4A7-9FCED7393D79}"
EndProject
Project("{FAE04EC0-301F-11D3-BF4B-00C04F79EFBC}") = "TeamTimeWarp.Client.Tray", "TeamPomodoro.Client.Tray\TeamTimeWarp.Client.Tray.csproj", "{ECFA0100-1966-4897-96F7-9EE2F7F6C545}"
EndProject
Project("{FAE04EC0-301F-11D3-BF4B-00C04F79EFBC}") = "TeamTimeWarp.Client.Core", "TeamTimeWarp.Client.Core\TeamTimeWarp.Client.Core.csproj", "{A4DAA660-D2E7-4741-AC71-2109B4902A94}"
EndProject
Project("{FAE04EC0-301F-11D3-BF4B-00C04F79EFBC}") = "TeamTimeWarp.Client.Tray.UnitTests", "TeamTimeWarp.Client.tray.UnitTests\TeamTimeWarp.Client.Tray.UnitTests.csproj", "{E454DE9C-F9BF-4CE3-8742-5F72B124F83E}"
EndProject
Project("{FAE04EC0-301F-11D3-BF4B-00C04F79EFBC}") = "TeamTimeWarp.VsPackage", "TeamTimeWarp.VsPackage\TeamTimeWarp.VsPackage.csproj", "{9A2F5B5E-C27E-4C71-9582-A92FE68237D4}"
	ProjectSection(ProjectDependencies) = postProject
		{AE1E6B38-B0E9-45CA-9E7C-88CEC8C7CE32} = {AE1E6B38-B0E9-45CA-9E7C-88CEC8C7CE32}
		{A4DAA660-D2E7-4741-AC71-2109B4902A94} = {A4DAA660-D2E7-4741-AC71-2109B4902A94}
		{A511BDA0-B392-466A-835C-37E4F82DFEC1} = {A511BDA0-B392-466A-835C-37E4F82DFEC1}
		{59A5A1B1-4B45-4FEC-A108-E1A8500CBDBE} = {59A5A1B1-4B45-4FEC-A108-E1A8500CBDBE}
	EndProjectSection
EndProject
Project("{FAE04EC0-301F-11D3-BF4B-00C04F79EFBC}") = "TeamTimeWarp.VsPackage.UnitTests", "TeamTimeWarp.VsPackage.UnitTests\TeamTimeWarp.VsPackage.UnitTests.csproj", "{8E1236E9-91AC-46E9-AB77-B3557402F36C}"
EndProject
Project("{FAE04EC0-301F-11D3-BF4B-00C04F79EFBC}") = "TeamTimeWarp.Client.SL.Core", "TeamTimeWarp.Client.SL.Core\TeamTimeWarp.Client.SL.Core.csproj", "{99C8228E-3EFC-48E5-B81B-14ADF7B6166E}"
EndProject
Project("{FAE04EC0-301F-11D3-BF4B-00C04F79EFBC}") = "TeamTimeWarp.Client.SL.RoomStateViewer", "TeamTimeWarp.Client.SL.RoomStateViewer\TeamTimeWarp.Client.SL.RoomStateViewer.csproj", "{B388824B-C06D-4EB7-83B4-FD89B9506627}"
EndProject
Global
	GlobalSection(SolutionConfigurationPlatforms) = preSolution
		Debug|Any CPU = Debug|Any CPU
		Debug|Mixed Platforms = Debug|Mixed Platforms
		Debug|x86 = Debug|x86
		Release|Any CPU = Release|Any CPU
		Release|Mixed Platforms = Release|Mixed Platforms
		Release|x86 = Release|x86
	EndGlobalSection
	GlobalSection(ProjectConfigurationPlatforms) = postSolution
		{647D9967-C6A7-4F71-B5DF-8040F756E039}.Debug|Any CPU.ActiveCfg = Debug|Any CPU
		{647D9967-C6A7-4F71-B5DF-8040F756E039}.Debug|Any CPU.Build.0 = Debug|Any CPU
		{647D9967-C6A7-4F71-B5DF-8040F756E039}.Debug|Mixed Platforms.ActiveCfg = Debug|Any CPU
		{647D9967-C6A7-4F71-B5DF-8040F756E039}.Debug|Mixed Platforms.Build.0 = Debug|Any CPU
		{647D9967-C6A7-4F71-B5DF-8040F756E039}.Debug|x86.ActiveCfg = Debug|Any CPU
		{647D9967-C6A7-4F71-B5DF-8040F756E039}.Release|Any CPU.ActiveCfg = Release|Any CPU
		{647D9967-C6A7-4F71-B5DF-8040F756E039}.Release|Any CPU.Build.0 = Release|Any CPU
		{647D9967-C6A7-4F71-B5DF-8040F756E039}.Release|Mixed Platforms.ActiveCfg = Release|Any CPU
		{647D9967-C6A7-4F71-B5DF-8040F756E039}.Release|Mixed Platforms.Build.0 = Release|Any CPU
		{647D9967-C6A7-4F71-B5DF-8040F756E039}.Release|x86.ActiveCfg = Release|Any CPU
		{A68A6339-F31E-492B-AA0B-03A1BD85B04D}.Debug|Any CPU.ActiveCfg = Debug|Any CPU
		{A68A6339-F31E-492B-AA0B-03A1BD85B04D}.Debug|Any CPU.Build.0 = Debug|Any CPU
		{A68A6339-F31E-492B-AA0B-03A1BD85B04D}.Debug|Mixed Platforms.ActiveCfg = Debug|Any CPU
		{A68A6339-F31E-492B-AA0B-03A1BD85B04D}.Debug|Mixed Platforms.Build.0 = Debug|Any CPU
		{A68A6339-F31E-492B-AA0B-03A1BD85B04D}.Debug|x86.ActiveCfg = Debug|Any CPU
		{A68A6339-F31E-492B-AA0B-03A1BD85B04D}.Release|Any CPU.ActiveCfg = Release|Any CPU
		{A68A6339-F31E-492B-AA0B-03A1BD85B04D}.Release|Any CPU.Build.0 = Release|Any CPU
		{A68A6339-F31E-492B-AA0B-03A1BD85B04D}.Release|Mixed Platforms.ActiveCfg = Release|Any CPU
		{A68A6339-F31E-492B-AA0B-03A1BD85B04D}.Release|Mixed Platforms.Build.0 = Release|Any CPU
		{A68A6339-F31E-492B-AA0B-03A1BD85B04D}.Release|x86.ActiveCfg = Release|Any CPU
		{59A5A1B1-4B45-4FEC-A108-E1A8500CBDBE}.Debug|Any CPU.ActiveCfg = Debug|Any CPU
		{59A5A1B1-4B45-4FEC-A108-E1A8500CBDBE}.Debug|Any CPU.Build.0 = Debug|Any CPU
		{59A5A1B1-4B45-4FEC-A108-E1A8500CBDBE}.Debug|Mixed Platforms.ActiveCfg = Debug|Any CPU
		{59A5A1B1-4B45-4FEC-A108-E1A8500CBDBE}.Debug|Mixed Platforms.Build.0 = Debug|Any CPU
		{59A5A1B1-4B45-4FEC-A108-E1A8500CBDBE}.Debug|x86.ActiveCfg = Debug|Any CPU
		{59A5A1B1-4B45-4FEC-A108-E1A8500CBDBE}.Release|Any CPU.ActiveCfg = Release|Any CPU
		{59A5A1B1-4B45-4FEC-A108-E1A8500CBDBE}.Release|Any CPU.Build.0 = Release|Any CPU
		{59A5A1B1-4B45-4FEC-A108-E1A8500CBDBE}.Release|Mixed Platforms.ActiveCfg = Release|Any CPU
		{59A5A1B1-4B45-4FEC-A108-E1A8500CBDBE}.Release|Mixed Platforms.Build.0 = Release|Any CPU
		{59A5A1B1-4B45-4FEC-A108-E1A8500CBDBE}.Release|x86.ActiveCfg = Release|Any CPU
		{7CA7DBD0-1977-4622-99D9-B3999E79CA3A}.Debug|Any CPU.ActiveCfg = Debug|Any CPU
		{7CA7DBD0-1977-4622-99D9-B3999E79CA3A}.Debug|Any CPU.Build.0 = Debug|Any CPU
		{7CA7DBD0-1977-4622-99D9-B3999E79CA3A}.Debug|Mixed Platforms.ActiveCfg = Debug|Any CPU
		{7CA7DBD0-1977-4622-99D9-B3999E79CA3A}.Debug|Mixed Platforms.Build.0 = Debug|Any CPU
		{7CA7DBD0-1977-4622-99D9-B3999E79CA3A}.Debug|x86.ActiveCfg = Debug|Any CPU
		{7CA7DBD0-1977-4622-99D9-B3999E79CA3A}.Release|Any CPU.ActiveCfg = Release|Any CPU
		{7CA7DBD0-1977-4622-99D9-B3999E79CA3A}.Release|Any CPU.Build.0 = Release|Any CPU
		{7CA7DBD0-1977-4622-99D9-B3999E79CA3A}.Release|Mixed Platforms.ActiveCfg = Release|Any CPU
		{7CA7DBD0-1977-4622-99D9-B3999E79CA3A}.Release|Mixed Platforms.Build.0 = Release|Any CPU
		{7CA7DBD0-1977-4622-99D9-B3999E79CA3A}.Release|x86.ActiveCfg = Release|Any CPU
		{3BA87BF0-C431-42CE-A663-E7FDA01B3CF3}.Debug|Any CPU.ActiveCfg = Debug|Any CPU
		{3BA87BF0-C431-42CE-A663-E7FDA01B3CF3}.Debug|Any CPU.Build.0 = Debug|Any CPU
		{3BA87BF0-C431-42CE-A663-E7FDA01B3CF3}.Debug|Mixed Platforms.ActiveCfg = Debug|Any CPU
		{3BA87BF0-C431-42CE-A663-E7FDA01B3CF3}.Debug|Mixed Platforms.Build.0 = Debug|Any CPU
		{3BA87BF0-C431-42CE-A663-E7FDA01B3CF3}.Debug|x86.ActiveCfg = Debug|Any CPU
		{3BA87BF0-C431-42CE-A663-E7FDA01B3CF3}.Release|Any CPU.ActiveCfg = Release|Any CPU
		{3BA87BF0-C431-42CE-A663-E7FDA01B3CF3}.Release|Any CPU.Build.0 = Release|Any CPU
		{3BA87BF0-C431-42CE-A663-E7FDA01B3CF3}.Release|Mixed Platforms.ActiveCfg = Release|Any CPU
		{3BA87BF0-C431-42CE-A663-E7FDA01B3CF3}.Release|Mixed Platforms.Build.0 = Release|Any CPU
		{3BA87BF0-C431-42CE-A663-E7FDA01B3CF3}.Release|x86.ActiveCfg = Release|Any CPU
		{AE1E6B38-B0E9-45CA-9E7C-88CEC8C7CE32}.Debug|Any CPU.ActiveCfg = Debug|Any CPU
		{AE1E6B38-B0E9-45CA-9E7C-88CEC8C7CE32}.Debug|Any CPU.Build.0 = Debug|Any CPU
		{AE1E6B38-B0E9-45CA-9E7C-88CEC8C7CE32}.Debug|Mixed Platforms.ActiveCfg = Debug|Any CPU
		{AE1E6B38-B0E9-45CA-9E7C-88CEC8C7CE32}.Debug|Mixed Platforms.Build.0 = Debug|Any CPU
		{AE1E6B38-B0E9-45CA-9E7C-88CEC8C7CE32}.Debug|x86.ActiveCfg = Debug|Any CPU
		{AE1E6B38-B0E9-45CA-9E7C-88CEC8C7CE32}.Release|Any CPU.ActiveCfg = Release|Any CPU
		{AE1E6B38-B0E9-45CA-9E7C-88CEC8C7CE32}.Release|Any CPU.Build.0 = Release|Any CPU
		{AE1E6B38-B0E9-45CA-9E7C-88CEC8C7CE32}.Release|Mixed Platforms.ActiveCfg = Release|Any CPU
		{AE1E6B38-B0E9-45CA-9E7C-88CEC8C7CE32}.Release|Mixed Platforms.Build.0 = Release|Any CPU
		{AE1E6B38-B0E9-45CA-9E7C-88CEC8C7CE32}.Release|x86.ActiveCfg = Release|Any CPU
		{1101E136-97F3-4CD9-814D-7DFF68B25628}.Debug|Any CPU.ActiveCfg = Debug|Any CPU
		{1101E136-97F3-4CD9-814D-7DFF68B25628}.Debug|Any CPU.Build.0 = Debug|Any CPU
		{1101E136-97F3-4CD9-814D-7DFF68B25628}.Debug|Mixed Platforms.ActiveCfg = Debug|Any CPU
		{1101E136-97F3-4CD9-814D-7DFF68B25628}.Debug|Mixed Platforms.Build.0 = Debug|Any CPU
		{1101E136-97F3-4CD9-814D-7DFF68B25628}.Debug|x86.ActiveCfg = Debug|Any CPU
		{1101E136-97F3-4CD9-814D-7DFF68B25628}.Release|Any CPU.ActiveCfg = Release|Any CPU
		{1101E136-97F3-4CD9-814D-7DFF68B25628}.Release|Any CPU.Build.0 = Release|Any CPU
		{1101E136-97F3-4CD9-814D-7DFF68B25628}.Release|Mixed Platforms.ActiveCfg = Release|Any CPU
		{1101E136-97F3-4CD9-814D-7DFF68B25628}.Release|Mixed Platforms.Build.0 = Release|Any CPU
		{1101E136-97F3-4CD9-814D-7DFF68B25628}.Release|x86.ActiveCfg = Release|Any CPU
		{A511BDA0-B392-466A-835C-37E4F82DFEC1}.Debug|Any CPU.ActiveCfg = Debug|Any CPU
		{A511BDA0-B392-466A-835C-37E4F82DFEC1}.Debug|Any CPU.Build.0 = Debug|Any CPU
		{A511BDA0-B392-466A-835C-37E4F82DFEC1}.Debug|Mixed Platforms.ActiveCfg = Debug|Any CPU
		{A511BDA0-B392-466A-835C-37E4F82DFEC1}.Debug|Mixed Platforms.Build.0 = Debug|Any CPU
		{A511BDA0-B392-466A-835C-37E4F82DFEC1}.Debug|x86.ActiveCfg = Debug|Any CPU
		{A511BDA0-B392-466A-835C-37E4F82DFEC1}.Release|Any CPU.ActiveCfg = Release|Any CPU
		{A511BDA0-B392-466A-835C-37E4F82DFEC1}.Release|Any CPU.Build.0 = Release|Any CPU
		{A511BDA0-B392-466A-835C-37E4F82DFEC1}.Release|Mixed Platforms.ActiveCfg = Release|Any CPU
		{A511BDA0-B392-466A-835C-37E4F82DFEC1}.Release|Mixed Platforms.Build.0 = Release|Any CPU
		{A511BDA0-B392-466A-835C-37E4F82DFEC1}.Release|x86.ActiveCfg = Release|Any CPU
		{3D7DA64B-7C4F-41B3-8EDF-AC8D09928FD9}.Debug|Any CPU.ActiveCfg = Debug|Any CPU
		{3D7DA64B-7C4F-41B3-8EDF-AC8D09928FD9}.Debug|Any CPU.Build.0 = Debug|Any CPU
		{3D7DA64B-7C4F-41B3-8EDF-AC8D09928FD9}.Debug|Mixed Platforms.ActiveCfg = Debug|Any CPU
		{3D7DA64B-7C4F-41B3-8EDF-AC8D09928FD9}.Debug|Mixed Platforms.Build.0 = Debug|Any CPU
		{3D7DA64B-7C4F-41B3-8EDF-AC8D09928FD9}.Debug|x86.ActiveCfg = Debug|Any CPU
		{3D7DA64B-7C4F-41B3-8EDF-AC8D09928FD9}.Release|Any CPU.ActiveCfg = Release|Any CPU
		{3D7DA64B-7C4F-41B3-8EDF-AC8D09928FD9}.Release|Any CPU.Build.0 = Release|Any CPU
		{3D7DA64B-7C4F-41B3-8EDF-AC8D09928FD9}.Release|Mixed Platforms.ActiveCfg = Release|Any CPU
		{3D7DA64B-7C4F-41B3-8EDF-AC8D09928FD9}.Release|Mixed Platforms.Build.0 = Release|Any CPU
		{3D7DA64B-7C4F-41B3-8EDF-AC8D09928FD9}.Release|x86.ActiveCfg = Release|Any CPU
		{7A63622D-D608-45EB-9FA6-7AB27E95EE3A}.Debug|Any CPU.ActiveCfg = Debug|Any CPU
		{7A63622D-D608-45EB-9FA6-7AB27E95EE3A}.Debug|Any CPU.Build.0 = Debug|Any CPU
		{7A63622D-D608-45EB-9FA6-7AB27E95EE3A}.Debug|Mixed Platforms.ActiveCfg = Debug|Any CPU
		{7A63622D-D608-45EB-9FA6-7AB27E95EE3A}.Debug|Mixed Platforms.Build.0 = Debug|Any CPU
		{7A63622D-D608-45EB-9FA6-7AB27E95EE3A}.Debug|x86.ActiveCfg = Debug|Any CPU
		{7A63622D-D608-45EB-9FA6-7AB27E95EE3A}.Release|Any CPU.ActiveCfg = Release|Any CPU
		{7A63622D-D608-45EB-9FA6-7AB27E95EE3A}.Release|Any CPU.Build.0 = Release|Any CPU
		{7A63622D-D608-45EB-9FA6-7AB27E95EE3A}.Release|Mixed Platforms.ActiveCfg = Release|Any CPU
		{7A63622D-D608-45EB-9FA6-7AB27E95EE3A}.Release|Mixed Platforms.Build.0 = Release|Any CPU
		{7A63622D-D608-45EB-9FA6-7AB27E95EE3A}.Release|x86.ActiveCfg = Release|Any CPU
		{E0240C1B-5572-4FB1-823F-4ED2BB601310}.Debug|Any CPU.ActiveCfg = Debug|Any CPU
		{E0240C1B-5572-4FB1-823F-4ED2BB601310}.Debug|Any CPU.Build.0 = Debug|Any CPU
		{E0240C1B-5572-4FB1-823F-4ED2BB601310}.Debug|Mixed Platforms.ActiveCfg = Debug|Any CPU
		{E0240C1B-5572-4FB1-823F-4ED2BB601310}.Debug|Mixed Platforms.Build.0 = Debug|Any CPU
		{E0240C1B-5572-4FB1-823F-4ED2BB601310}.Debug|x86.ActiveCfg = Debug|Any CPU
		{E0240C1B-5572-4FB1-823F-4ED2BB601310}.Release|Any CPU.ActiveCfg = Release|Any CPU
		{E0240C1B-5572-4FB1-823F-4ED2BB601310}.Release|Any CPU.Build.0 = Release|Any CPU
		{E0240C1B-5572-4FB1-823F-4ED2BB601310}.Release|Mixed Platforms.ActiveCfg = Release|Any CPU
		{E0240C1B-5572-4FB1-823F-4ED2BB601310}.Release|Mixed Platforms.Build.0 = Release|Any CPU
		{E0240C1B-5572-4FB1-823F-4ED2BB601310}.Release|x86.ActiveCfg = Release|Any CPU
		{B2429CC5-0AAA-4564-A4A7-9FCED7393D79}.Debug|Any CPU.ActiveCfg = Debug|Any CPU
		{B2429CC5-0AAA-4564-A4A7-9FCED7393D79}.Debug|Any CPU.Build.0 = Debug|Any CPU
		{B2429CC5-0AAA-4564-A4A7-9FCED7393D79}.Debug|Mixed Platforms.ActiveCfg = Debug|Any CPU
		{B2429CC5-0AAA-4564-A4A7-9FCED7393D79}.Debug|Mixed Platforms.Build.0 = Debug|Any CPU
		{B2429CC5-0AAA-4564-A4A7-9FCED7393D79}.Debug|x86.ActiveCfg = Debug|Any CPU
		{B2429CC5-0AAA-4564-A4A7-9FCED7393D79}.Release|Any CPU.ActiveCfg = Release|Any CPU
		{B2429CC5-0AAA-4564-A4A7-9FCED7393D79}.Release|Any CPU.Build.0 = Release|Any CPU
		{B2429CC5-0AAA-4564-A4A7-9FCED7393D79}.Release|Mixed Platforms.ActiveCfg = Release|Any CPU
		{B2429CC5-0AAA-4564-A4A7-9FCED7393D79}.Release|Mixed Platforms.Build.0 = Release|Any CPU
		{B2429CC5-0AAA-4564-A4A7-9FCED7393D79}.Release|x86.ActiveCfg = Release|Any CPU
		{ECFA0100-1966-4897-96F7-9EE2F7F6C545}.Debug|Any CPU.ActiveCfg = Debug|Any CPU
		{ECFA0100-1966-4897-96F7-9EE2F7F6C545}.Debug|Any CPU.Build.0 = Debug|Any CPU
		{ECFA0100-1966-4897-96F7-9EE2F7F6C545}.Debug|Mixed Platforms.ActiveCfg = Debug|Any CPU
		{ECFA0100-1966-4897-96F7-9EE2F7F6C545}.Debug|Mixed Platforms.Build.0 = Debug|Any CPU
		{ECFA0100-1966-4897-96F7-9EE2F7F6C545}.Debug|x86.ActiveCfg = Debug|Any CPU
		{ECFA0100-1966-4897-96F7-9EE2F7F6C545}.Release|Any CPU.ActiveCfg = Release|Any CPU
		{ECFA0100-1966-4897-96F7-9EE2F7F6C545}.Release|Any CPU.Build.0 = Release|Any CPU
		{ECFA0100-1966-4897-96F7-9EE2F7F6C545}.Release|Mixed Platforms.ActiveCfg = Release|Any CPU
		{ECFA0100-1966-4897-96F7-9EE2F7F6C545}.Release|Mixed Platforms.Build.0 = Release|Any CPU
		{ECFA0100-1966-4897-96F7-9EE2F7F6C545}.Release|x86.ActiveCfg = Release|Any CPU
		{A4DAA660-D2E7-4741-AC71-2109B4902A94}.Debug|Any CPU.ActiveCfg = Debug|Any CPU
		{A4DAA660-D2E7-4741-AC71-2109B4902A94}.Debug|Any CPU.Build.0 = Debug|Any CPU
		{A4DAA660-D2E7-4741-AC71-2109B4902A94}.Debug|Mixed Platforms.ActiveCfg = Debug|Any CPU
		{A4DAA660-D2E7-4741-AC71-2109B4902A94}.Debug|Mixed Platforms.Build.0 = Debug|Any CPU
		{A4DAA660-D2E7-4741-AC71-2109B4902A94}.Debug|x86.ActiveCfg = Debug|Any CPU
		{A4DAA660-D2E7-4741-AC71-2109B4902A94}.Release|Any CPU.ActiveCfg = Release|Any CPU
		{A4DAA660-D2E7-4741-AC71-2109B4902A94}.Release|Any CPU.Build.0 = Release|Any CPU
		{A4DAA660-D2E7-4741-AC71-2109B4902A94}.Release|Mixed Platforms.ActiveCfg = Release|Any CPU
		{A4DAA660-D2E7-4741-AC71-2109B4902A94}.Release|Mixed Platforms.Build.0 = Release|Any CPU
		{A4DAA660-D2E7-4741-AC71-2109B4902A94}.Release|x86.ActiveCfg = Release|Any CPU
		{E454DE9C-F9BF-4CE3-8742-5F72B124F83E}.Debug|Any CPU.ActiveCfg = Debug|Any CPU
		{E454DE9C-F9BF-4CE3-8742-5F72B124F83E}.Debug|Any CPU.Build.0 = Debug|Any CPU
		{E454DE9C-F9BF-4CE3-8742-5F72B124F83E}.Debug|Mixed Platforms.ActiveCfg = Debug|Any CPU
		{E454DE9C-F9BF-4CE3-8742-5F72B124F83E}.Debug|Mixed Platforms.Build.0 = Debug|Any CPU
		{E454DE9C-F9BF-4CE3-8742-5F72B124F83E}.Debug|x86.ActiveCfg = Debug|Any CPU
		{E454DE9C-F9BF-4CE3-8742-5F72B124F83E}.Release|Any CPU.ActiveCfg = Release|Any CPU
		{E454DE9C-F9BF-4CE3-8742-5F72B124F83E}.Release|Any CPU.Build.0 = Release|Any CPU
		{E454DE9C-F9BF-4CE3-8742-5F72B124F83E}.Release|Mixed Platforms.ActiveCfg = Release|Any CPU
		{E454DE9C-F9BF-4CE3-8742-5F72B124F83E}.Release|Mixed Platforms.Build.0 = Release|Any CPU
		{E454DE9C-F9BF-4CE3-8742-5F72B124F83E}.Release|x86.ActiveCfg = Release|Any CPU
		{9A2F5B5E-C27E-4C71-9582-A92FE68237D4}.Debug|Any CPU.ActiveCfg = Debug|Any CPU
		{9A2F5B5E-C27E-4C71-9582-A92FE68237D4}.Debug|Any CPU.Build.0 = Debug|Any CPU
		{9A2F5B5E-C27E-4C71-9582-A92FE68237D4}.Debug|Mixed Platforms.ActiveCfg = Debug|Any CPU
		{9A2F5B5E-C27E-4C71-9582-A92FE68237D4}.Debug|Mixed Platforms.Build.0 = Debug|Any CPU
		{9A2F5B5E-C27E-4C71-9582-A92FE68237D4}.Debug|x86.ActiveCfg = Debug|Any CPU
		{9A2F5B5E-C27E-4C71-9582-A92FE68237D4}.Release|Any CPU.ActiveCfg = Release|Any CPU
		{9A2F5B5E-C27E-4C71-9582-A92FE68237D4}.Release|Any CPU.Build.0 = Release|Any CPU
		{9A2F5B5E-C27E-4C71-9582-A92FE68237D4}.Release|Mixed Platforms.ActiveCfg = Release|Any CPU
		{9A2F5B5E-C27E-4C71-9582-A92FE68237D4}.Release|Mixed Platforms.Build.0 = Release|Any CPU
		{9A2F5B5E-C27E-4C71-9582-A92FE68237D4}.Release|x86.ActiveCfg = Release|Any CPU
		{8E1236E9-91AC-46E9-AB77-B3557402F36C}.Debug|Any CPU.ActiveCfg = Debug|Any CPU
		{8E1236E9-91AC-46E9-AB77-B3557402F36C}.Debug|Any CPU.Build.0 = Debug|Any CPU
		{8E1236E9-91AC-46E9-AB77-B3557402F36C}.Debug|Mixed Platforms.ActiveCfg = Debug|Any CPU
		{8E1236E9-91AC-46E9-AB77-B3557402F36C}.Debug|Mixed Platforms.Build.0 = Debug|Any CPU
		{8E1236E9-91AC-46E9-AB77-B3557402F36C}.Debug|x86.ActiveCfg = Debug|Any CPU
		{8E1236E9-91AC-46E9-AB77-B3557402F36C}.Release|Any CPU.ActiveCfg = Release|Any CPU
		{8E1236E9-91AC-46E9-AB77-B3557402F36C}.Release|Any CPU.Build.0 = Release|Any CPU
		{8E1236E9-91AC-46E9-AB77-B3557402F36C}.Release|Mixed Platforms.ActiveCfg = Release|Any CPU
		{8E1236E9-91AC-46E9-AB77-B3557402F36C}.Release|Mixed Platforms.Build.0 = Release|Any CPU
		{8E1236E9-91AC-46E9-AB77-B3557402F36C}.Release|x86.ActiveCfg = Release|Any CPU
		{99C8228E-3EFC-48E5-B81B-14ADF7B6166E}.Debug|Any CPU.ActiveCfg = Debug|Any CPU
		{99C8228E-3EFC-48E5-B81B-14ADF7B6166E}.Debug|Any CPU.Build.0 = Debug|Any CPU
		{99C8228E-3EFC-48E5-B81B-14ADF7B6166E}.Debug|Mixed Platforms.ActiveCfg = Debug|Any CPU
		{99C8228E-3EFC-48E5-B81B-14ADF7B6166E}.Debug|Mixed Platforms.Build.0 = Debug|Any CPU
		{99C8228E-3EFC-48E5-B81B-14ADF7B6166E}.Debug|x86.ActiveCfg = Debug|Any CPU
		{99C8228E-3EFC-48E5-B81B-14ADF7B6166E}.Release|Any CPU.ActiveCfg = Release|Any CPU
		{99C8228E-3EFC-48E5-B81B-14ADF7B6166E}.Release|Any CPU.Build.0 = Release|Any CPU
		{99C8228E-3EFC-48E5-B81B-14ADF7B6166E}.Release|Mixed Platforms.ActiveCfg = Release|Any CPU
		{99C8228E-3EFC-48E5-B81B-14ADF7B6166E}.Release|Mixed Platforms.Build.0 = Release|Any CPU
		{99C8228E-3EFC-48E5-B81B-14ADF7B6166E}.Release|x86.ActiveCfg = Release|Any CPU
		{B388824B-C06D-4EB7-83B4-FD89B9506627}.Debug|Any CPU.ActiveCfg = Debug|Any CPU
		{B388824B-C06D-4EB7-83B4-FD89B9506627}.Debug|Any CPU.Build.0 = Debug|Any CPU
		{B388824B-C06D-4EB7-83B4-FD89B9506627}.Debug|Mixed Platforms.ActiveCfg = Debug|Any CPU
		{B388824B-C06D-4EB7-83B4-FD89B9506627}.Debug|Mixed Platforms.Build.0 = Debug|Any CPU
		{B388824B-C06D-4EB7-83B4-FD89B9506627}.Debug|x86.ActiveCfg = Debug|Any CPU
		{B388824B-C06D-4EB7-83B4-FD89B9506627}.Release|Any CPU.ActiveCfg = Release|Any CPU
		{B388824B-C06D-4EB7-83B4-FD89B9506627}.Release|Any CPU.Build.0 = Release|Any CPU
		{B388824B-C06D-4EB7-83B4-FD89B9506627}.Release|Mixed Platforms.ActiveCfg = Release|Any CPU
		{B388824B-C06D-4EB7-83B4-FD89B9506627}.Release|Mixed Platforms.Build.0 = Release|Any CPU
		{B388824B-C06D-4EB7-83B4-FD89B9506627}.Release|x86.ActiveCfg = Release|Any CPU
	EndGlobalSection
	GlobalSection(SolutionProperties) = preSolution
		HideSolutionNode = FALSE
	EndGlobalSection
	GlobalSection(NestedProjects) = preSolution
		{647D9967-C6A7-4F71-B5DF-8040F756E039} = {5986ECC7-D017-4AF3-ADD0-55F50EEF1D10}
		{A68A6339-F31E-492B-AA0B-03A1BD85B04D} = {682F209A-515E-459E-A77C-3B083ED777E2}
		{59A5A1B1-4B45-4FEC-A108-E1A8500CBDBE} = {EBF91FA5-85C8-4D5D-A9FA-3F5B04D65262}
		{7CA7DBD0-1977-4622-99D9-B3999E79CA3A} = {682F209A-515E-459E-A77C-3B083ED777E2}
		{3BA87BF0-C431-42CE-A663-E7FDA01B3CF3} = {682F209A-515E-459E-A77C-3B083ED777E2}
		{AE1E6B38-B0E9-45CA-9E7C-88CEC8C7CE32} = {EBF91FA5-85C8-4D5D-A9FA-3F5B04D65262}
		{1101E136-97F3-4CD9-814D-7DFF68B25628} = {3F8BB5E5-9679-48D2-B672-90A84541DCBD}
		{A511BDA0-B392-466A-835C-37E4F82DFEC1} = {5986ECC7-D017-4AF3-ADD0-55F50EEF1D10}
		{3D7DA64B-7C4F-41B3-8EDF-AC8D09928FD9} = {5986ECC7-D017-4AF3-ADD0-55F50EEF1D10}
		{7A63622D-D608-45EB-9FA6-7AB27E95EE3A} = {7530D7BE-4022-40E6-93B1-19284640F121}
		{E0240C1B-5572-4FB1-823F-4ED2BB601310} = {682F209A-515E-459E-A77C-3B083ED777E2}
		{B2429CC5-0AAA-4564-A4A7-9FCED7393D79} = {3F8BB5E5-9679-48D2-B672-90A84541DCBD}
		{ECFA0100-1966-4897-96F7-9EE2F7F6C545} = {12C8BAB6-1582-43CD-A32A-2144419907D5}
		{A4DAA660-D2E7-4741-AC71-2109B4902A94} = {12C8BAB6-1582-43CD-A32A-2144419907D5}
		{E454DE9C-F9BF-4CE3-8742-5F72B124F83E} = {682F209A-515E-459E-A77C-3B083ED777E2}
		{9A2F5B5E-C27E-4C71-9582-A92FE68237D4} = {7586B323-4F49-4412-A58D-47A240492497}
		{8E1236E9-91AC-46E9-AB77-B3557402F36C} = {682F209A-515E-459E-A77C-3B083ED777E2}
		{99C8228E-3EFC-48E5-B81B-14ADF7B6166E} = {625CD084-B2C0-45C6-B12B-C457FC0CF1BE}
		{B388824B-C06D-4EB7-83B4-FD89B9506627} = {625CD084-B2C0-45C6-B12B-C457FC0CF1BE}
	EndGlobalSection
	GlobalSection(ExtensibilityGlobals) = postSolution
		SolutionGuid = {01D5ED55-EE66-4FDE-A9F3-EE04A30AAC6A}
	EndGlobalSection
EndGlobal
